
Microsoft Visual Studio Solution File, Format Version 12.00
# Visual Studio Version 16
VisualStudioVersion = 16.0.29326.143
MinimumVisualStudioVersion = 10.0.40219.1
Project("{FAE04EC0-301F-11D3-BF4B-00C04F79EFBC}") = "OpabidFarmsLtd", "OpabidFarmsLtd\OpabidFarmsLtd.csproj", "{0203F565-DF89-4A71-A30F-39E4470C2E38}"
EndProject
Global
	GlobalSection(SolutionConfigurationPlatforms) = preSolution
		Debug|Any CPU = Debug|Any CPU
		Release|Any CPU = Release|Any CPU
	EndGlobalSection
	GlobalSection(ProjectConfigurationPlatforms) = postSolution
		{0203F565-DF89-4A71-A30F-39E4470C2E38}.Debug|Any CPU.ActiveCfg = Debug|Any CPU
		{0203F565-DF89-4A71-A30F-39E4470C2E38}.Debug|Any CPU.Build.0 = Debug|Any CPU
		{0203F565-DF89-4A71-A30F-39E4470C2E38}.Release|Any CPU.ActiveCfg = Release|Any CPU
		{0203F565-DF89-4A71-A30F-39E4470C2E38}.Release|Any CPU.Build.0 = Release|Any CPU
	EndGlobalSection
	GlobalSection(SolutionProperties) = preSolution
		HideSolutionNode = FALSE
	EndGlobalSection
	GlobalSection(ExtensibilityGlobals) = postSolution
		SolutionGuid = {72DFA09F-6934-41E3-A814-D4FB708315ED}
	EndGlobalSection
EndGlobal
